
Microsoft Visual Studio Solution File, Format Version 12.00
# Visual Studio 15
VisualStudioVersion = 15.0.28307.329
MinimumVisualStudioVersion = 10.0.40219.1
Project("{FAE04EC0-301F-11D3-BF4B-00C04F79EFBC}") = "Calculatorselfmade", "Calculatorselfmade\Calculatorselfmade.csproj", "{B00648CC-ADC2-49C2-AED3-42E0CD0C9263}"
EndProject
Global
	GlobalSection(SolutionConfigurationPlatforms) = preSolution
		Debug|Any CPU = Debug|Any CPU
		Release|Any CPU = Release|Any CPU
	EndGlobalSection
	GlobalSection(ProjectConfigurationPlatforms) = postSolution
		{B00648CC-ADC2-49C2-AED3-42E0CD0C9263}.Debug|Any CPU.ActiveCfg = Debug|Any CPU
		{B00648CC-ADC2-49C2-AED3-42E0CD0C9263}.Debug|Any CPU.Build.0 = Debug|Any CPU
		{B00648CC-ADC2-49C2-AED3-42E0CD0C9263}.Release|Any CPU.ActiveCfg = Release|Any CPU
		{B00648CC-ADC2-49C2-AED3-42E0CD0C9263}.Release|Any CPU.Build.0 = Release|Any CPU
	EndGlobalSection
	GlobalSection(SolutionProperties) = preSolution
		HideSolutionNode = FALSE
	EndGlobalSection
	GlobalSection(ExtensibilityGlobals) = postSolution
		SolutionGuid = {C0277FF4-7250-4358-96A4-391D20CE3336}
	EndGlobalSection
EndGlobal
